
Microsoft Visual Studio Solution File, Format Version 11.00
# Visual Studio 2010
Project("{FAE04EC0-301F-11D3-BF4B-00C04F79EFBC}") = "Assembly-CSharp", "Assembly-CSharp.csproj", "{90EB6691-379C-A0DC-370D-A720FB8017FD}"
EndProject
Project("{FAE04EC0-301F-11D3-BF4B-00C04F79EFBC}") = "Assembly-CSharp-Editor", "Assembly-CSharp-Editor.csproj", "{3CA24021-6281-902B-386B-1615A0A9104C}"
EndProject
Global
	GlobalSection(SolutionConfigurationPlatforms) = preSolution
		Debug|Any CPU = Debug|Any CPU
		Release|Any CPU = Release|Any CPU
	EndGlobalSection
	GlobalSection(ProjectConfigurationPlatforms) = postSolution
		{90EB6691-379C-A0DC-370D-A720FB8017FD}.Debug|Any CPU.ActiveCfg = Debug|Any CPU
		{90EB6691-379C-A0DC-370D-A720FB8017FD}.Debug|Any CPU.Build.0 = Debug|Any CPU
		{90EB6691-379C-A0DC-370D-A720FB8017FD}.Release|Any CPU.ActiveCfg = Release|Any CPU
		{90EB6691-379C-A0DC-370D-A720FB8017FD}.Release|Any CPU.Build.0 = Release|Any CPU
		{3CA24021-6281-902B-386B-1615A0A9104C}.Debug|Any CPU.ActiveCfg = Debug|Any CPU
		{3CA24021-6281-902B-386B-1615A0A9104C}.Debug|Any CPU.Build.0 = Debug|Any CPU
		{3CA24021-6281-902B-386B-1615A0A9104C}.Release|Any CPU.ActiveCfg = Release|Any CPU
		{3CA24021-6281-902B-386B-1615A0A9104C}.Release|Any CPU.Build.0 = Release|Any CPU
	EndGlobalSection
	GlobalSection(SolutionProperties) = preSolution
		HideSolutionNode = FALSE
	EndGlobalSection
	GlobalSection(MonoDevelopProperties) = preSolution
		StartupItem = Assembly-CSharp.csproj
	EndGlobalSection
EndGlobal
